
Microsoft Visual Studio Solution File, Format Version 12.00
# Visual Studio Version 17
VisualStudioVersion = 17.5.33414.496
MinimumVisualStudioVersion = 10.0.40219.1
Project("{FAE04EC0-301F-11D3-BF4B-00C04F79EFBC}") = "List vs Array List Version", "List vs Array List Version\List vs Array List Version.csproj", "{B9E1F6A1-18BC-4F34-8677-FE889EAB471E}"
EndProject
Global
	GlobalSection(SolutionConfigurationPlatforms) = preSolution
		Debug|Any CPU = Debug|Any CPU
		Release|Any CPU = Release|Any CPU
	EndGlobalSection
	GlobalSection(ProjectConfigurationPlatforms) = postSolution
		{B9E1F6A1-18BC-4F34-8677-FE889EAB471E}.Debug|Any CPU.ActiveCfg = Debug|Any CPU
		{B9E1F6A1-18BC-4F34-8677-FE889EAB471E}.Debug|Any CPU.Build.0 = Debug|Any CPU
		{B9E1F6A1-18BC-4F34-8677-FE889EAB471E}.Release|Any CPU.ActiveCfg = Release|Any CPU
		{B9E1F6A1-18BC-4F34-8677-FE889EAB471E}.Release|Any CPU.Build.0 = Release|Any CPU
	EndGlobalSection
	GlobalSection(SolutionProperties) = preSolution
		HideSolutionNode = FALSE
	EndGlobalSection
	GlobalSection(ExtensibilityGlobals) = postSolution
		SolutionGuid = {9C5A7218-FACD-49AD-959D-67984A5A69AE}
	EndGlobalSection
EndGlobal
